
Microsoft Visual Studio Solution File, Format Version 12.00
# Visual Studio Version 17
VisualStudioVersion = 17.14.36414.22
MinimumVisualStudioVersion = 10.0.40219.1
Project("{FAE04EC0-301F-11D3-BF4B-00C04F79EFBC}") = "IOTracesCORE", "IOTracesCORE\IOTracesCORE.csproj", "{2CAC6C1E-47AA-44CF-910F-FD50FC590A4F}"
EndProject
Project("{FAE04EC0-301F-11D3-BF4B-00C04F79EFBC}") = "DirTest", "DirTest\DirTest.csproj", "{3F508737-0496-4E5C-8452-DE7C434B01FB}"
EndProject
Global
	GlobalSection(SolutionConfigurationPlatforms) = preSolution
		Debug|Any CPU = Debug|Any CPU
		Release|Any CPU = Release|Any CPU
	EndGlobalSection
	GlobalSection(ProjectConfigurationPlatforms) = postSolution
		{2CAC6C1E-47AA-44CF-910F-FD50FC590A4F}.Debug|Any CPU.ActiveCfg = Debug|Any CPU
		{2CAC6C1E-47AA-44CF-910F-FD50FC590A4F}.Debug|Any CPU.Build.0 = Debug|Any CPU
		{2CAC6C1E-47AA-44CF-910F-FD50FC590A4F}.Release|Any CPU.ActiveCfg = Release|Any CPU
		{2CAC6C1E-47AA-44CF-910F-FD50FC590A4F}.Release|Any CPU.Build.0 = Release|Any CPU
		{3F508737-0496-4E5C-8452-DE7C434B01FB}.Debug|Any CPU.ActiveCfg = Debug|Any CPU
		{3F508737-0496-4E5C-8452-DE7C434B01FB}.Debug|Any CPU.Build.0 = Debug|Any CPU
		{3F508737-0496-4E5C-8452-DE7C434B01FB}.Release|Any CPU.ActiveCfg = Release|Any CPU
		{3F508737-0496-4E5C-8452-DE7C434B01FB}.Release|Any CPU.Build.0 = Release|Any CPU
	EndGlobalSection
	GlobalSection(SolutionProperties) = preSolution
		HideSolutionNode = FALSE
	EndGlobalSection
	GlobalSection(ExtensibilityGlobals) = postSolution
		SolutionGuid = {D2797C18-5E75-4522-BC5B-48981CBBDA05}
	EndGlobalSection
EndGlobal
